
Microsoft Visual Studio Solution File, Format Version 10.00
# Visual Studio 2008
Project("{8BC9CEB8-8B4A-11D0-8D11-00A0C91BC942}") = "WinPrint", "WinPrint\WinPrint.vcproj", "{9645DFDC-607D-4568-909D-7FCB329BF151}"
EndProject
Global
	GlobalSection(SolutionConfigurationPlatforms) = preSolution
		Debug|Win32 = Debug|Win32
		Release|Win32 = Release|Win32
	EndGlobalSection
	GlobalSection(ProjectConfigurationPlatforms) = postSolution
		{9645DFDC-607D-4568-909D-7FCB329BF151}.Debug|Win32.ActiveCfg = Debug|Win32
		{9645DFDC-607D-4568-909D-7FCB329BF151}.Debug|Win32.Build.0 = Debug|Win32
		{9645DFDC-607D-4568-909D-7FCB329BF151}.Release|Win32.ActiveCfg = Release|Win32
		{9645DFDC-607D-4568-909D-7FCB329BF151}.Release|Win32.Build.0 = Release|Win32
	EndGlobalSection
	GlobalSection(SolutionProperties) = preSolution
		HideSolutionNode = FALSE
	EndGlobalSection
EndGlobal
