<?xml version="1.0" encoding="utf-8"?>
<Project ToolsVersion="4.0" xmlns="http://schemas.microsoft.com/developer/msbuild/2003">
  <ItemGroup>
    <Filter Include="Source Files">
      <UniqueIdentifier>{4FC737F1-C7A5-4376-A066-2A32D752A2FF}</UniqueIdentifier>
      <Extensions>cpp;c;cc;cxx;def;odl;idl;hpj;bat;asm;asmx</Extensions>
    </Filter>
    <Filter Include="Header Files">
      <UniqueIdentifier>{93995380-89BD-4b04-88EB-625FBE52EBFB}</UniqueIdentifier>
      <Extensions>h;hpp;hxx;hm;inl;inc;xsd</Extensions>
    </Filter>
    <Filter Include="Resource Files">
      <UniqueIdentifier>{67DA6AB6-F800-4c08-8B7A-83BB121AAD01}</UniqueIdentifier>
      <Extensions>rc;ico;cur;bmp;dlg;rc2;rct;bin;rgs;gif;jpg;jpeg;jpe;resx;tiff;tif;png;wav</Extensions>
    </Filter>
  </ItemGroup>
  <ItemGroup>
    <ClCompile Include="AnimationDlg.cpp">
      <Filter>Source Files</Filter>
    </ClCompile>
    <ClCompile Include="BCGPSliderButton.cpp">
      <Filter>Source Files</Filter>
    </ClCompile>
    <ClCompile Include="CheckDevDlg.cpp">
      <Filter>Source Files</Filter>
    </ClCompile>
    <ClCompile Include="ChildFrm.cpp">
      <Filter>Source Files</Filter>
    </ClCompile>
    <ClCompile Include="DrawChartBar.cpp">
      <Filter>Source Files</Filter>
    </ClCompile>
    <ClCompile Include="DrawLineWnd.cpp">
      <Filter>Source Files</Filter>
    </ClCompile>
    <ClCompile Include="DrawPosView.cpp">
      <Filter>Source Files</Filter>
    </ClCompile>
    <ClCompile Include="DrawRanView.cpp">
      <Filter>Source Files</Filter>
    </ClCompile>
    <ClCompile Include="DrawSkyWnd.cpp">
      <Filter>Source Files</Filter>
    </ClCompile>
    <ClCompile Include="DrawXpvView.cpp">
      <Filter>Source Files</Filter>
    </ClCompile>
    <ClCompile Include="HWATest.cpp">
      <Filter>Source Files</Filter>
    </ClCompile>
    <ClCompile Include="HWATestDoc.cpp">
      <Filter>Source Files</Filter>
    </ClCompile>
    <ClCompile Include="HWATestView.cpp">
      <Filter>Source Files</Filter>
    </ClCompile>
    <ClCompile Include="LoginDlg.cpp">
      <Filter>Source Files</Filter>
    </ClCompile>
    <ClCompile Include="MainFrm.cpp">
      <Filter>Source Files</Filter>
    </ClCompile>
    <ClCompile Include="OutputBar.cpp">
      <Filter>Source Files</Filter>
    </ClCompile>
    <ClCompile Include="ProjConfigPage.cpp">
      <Filter>Source Files</Filter>
    </ClCompile>
    <ClCompile Include="ProjFilesPage.cpp">
      <Filter>Source Files</Filter>
    </ClCompile>
    <ClCompile Include="ProjLinkPage.cpp">
      <Filter>Source Files</Filter>
    </ClCompile>
    <ClCompile Include="ProjNewPage.cpp">
      <Filter>Source Files</Filter>
    </ClCompile>
    <ClCompile Include="ProjOpenPage.cpp">
      <Filter>Source Files</Filter>
    </ClCompile>
    <ClCompile Include="ProjPropertyPage.cpp">
      <Filter>Source Files</Filter>
    </ClCompile>
    <ClCompile Include="SetACQDlg.cpp">
      <Filter>Source Files</Filter>
    </ClCompile>
    <ClCompile Include="SetBDIDlg.cpp">
      <Filter>Source Files</Filter>
    </ClCompile>
    <ClCompile Include="SetBGTDlg.cpp">
      <Filter>Source Files</Filter>
    </ClCompile>
    <ClCompile Include="SetCHADlg.cpp">
      <Filter>Source Files</Filter>
    </ClCompile>
    <ClCompile Include="SetDrawDlg.cpp">
      <Filter>Source Files</Filter>
    </ClCompile>
    <ClCompile Include="SetEACDlg.cpp">
      <Filter>Source Files</Filter>
    </ClCompile>
    <ClCompile Include="SetFileDlg.cpp">
      <Filter>Source Files</Filter>
    </ClCompile>
    <ClCompile Include="SetGSVDlg.cpp">
      <Filter>Source Files</Filter>
    </ClCompile>
    <ClCompile Include="SetIONDlg.cpp">
      <Filter>Source Files</Filter>
    </ClCompile>
    <ClCompile Include="SetLimitDlg.cpp">
      <Filter>Source Files</Filter>
    </ClCompile>
    <ClCompile Include="SetLocalDlg.cpp">
      <Filter>Source Files</Filter>
    </ClCompile>
    <ClCompile Include="SetLOGDlg.cpp">
      <Filter>Source Files</Filter>
    </ClCompile>
    <ClCompile Include="SetMODDlg.cpp">
      <Filter>Source Files</Filter>
    </ClCompile>
    <ClCompile Include="SetModualDlg.cpp">
      <Filter>Source Files</Filter>
    </ClCompile>
    <ClCompile Include="SetMonitorDlg.cpp">
      <Filter>Source Files</Filter>
    </ClCompile>
    <ClCompile Include="SetMUTDlg.cpp">
      <Filter>Source Files</Filter>
    </ClCompile>
    <ClCompile Include="SetPilotDlg.cpp">
      <Filter>Source Files</Filter>
    </ClCompile>
    <ClCompile Include="SetPortDlg.cpp">
      <Filter>Source Files</Filter>
    </ClCompile>
    <ClCompile Include="SetPosDlg.cpp">
      <Filter>Source Files</Filter>
    </ClCompile>
    <ClCompile Include="SetREFDlg.cpp">
      <Filter>Source Files</Filter>
    </ClCompile>
    <ClCompile Include="SetSATDlg.cpp">
      <Filter>Source Files</Filter>
    </ClCompile>
    <ClCompile Include="SetStaticDlg.cpp">
      <Filter>Source Files</Filter>
    </ClCompile>
    <ClCompile Include="SetSTSDlg.cpp">
      <Filter>Source Files</Filter>
    </ClCompile>
    <ClCompile Include="SetSYSDlg.cpp">
      <Filter>Source Files</Filter>
    </ClCompile>
    <ClCompile Include="SetTIMDlg.cpp">
      <Filter>Source Files</Filter>
    </ClCompile>
    <ClCompile Include="SetTimModDlg.cpp">
      <Filter>Source Files</Filter>
    </ClCompile>
    <ClCompile Include="SetWIDDlg.cpp">
      <Filter>Source Files</Filter>
    </ClCompile>
    <ClCompile Include="ShowAlmView.cpp">
      <Filter>Source Files</Filter>
    </ClCompile>
    <ClCompile Include="ShowChaView.cpp">
      <Filter>Source Files</Filter>
    </ClCompile>
    <ClCompile Include="ShowEphView.cpp">
      <Filter>Source Files</Filter>
    </ClCompile>
    <ClCompile Include="ShowGbsView.cpp">
      <Filter>Source Files</Filter>
    </ClCompile>
    <ClCompile Include="ShowIonView.cpp">
      <Filter>Source Files</Filter>
    </ClCompile>
    <ClCompile Include="ShowJalView.cpp">
      <Filter>Source Files</Filter>
    </ClCompile>
    <ClCompile Include="ShowPosView.cpp">
      <Filter>Source Files</Filter>
    </ClCompile>
    <ClCompile Include="ShowRanView.cpp">
      <Filter>Source Files</Filter>
    </ClCompile>
    <ClCompile Include="ShowSivView.cpp">
      <Filter>Source Files</Filter>
    </ClCompile>
    <ClCompile Include="ShowSkyView.cpp">
      <Filter>Source Files</Filter>
    </ClCompile>
    <ClCompile Include="ShowSnrView.cpp">
      <Filter>Source Files</Filter>
    </ClCompile>
    <ClCompile Include="ShowSrcView.cpp">
      <Filter>Source Files</Filter>
    </ClCompile>
    <ClCompile Include="ShowTimView.cpp">
      <Filter>Source Files</Filter>
    </ClCompile>
    <ClCompile Include="ShowVelView.cpp">
      <Filter>Source Files</Filter>
    </ClCompile>
    <ClCompile Include="ShowXpvView.cpp">
      <Filter>Source Files</Filter>
    </ClCompile>
    <ClCompile Include="stdafx.cpp">
      <Filter>Source Files</Filter>
    </ClCompile>
    <ClCompile Include="SystemPane.cpp">
      <Filter>Source Files</Filter>
    </ClCompile>
    <ClCompile Include="TestDlg.cpp">
      <Filter>Source Files</Filter>
    </ClCompile>
    <ClCompile Include="WorkSpaceBar.cpp">
      <Filter>Source Files</Filter>
    </ClCompile>
    <ClCompile Include="DrawTestView.cpp">
      <Filter>Source Files</Filter>
    </ClCompile>
    <ClCompile Include="SetWORKMODDlg.cpp">
      <Filter>Source Files</Filter>
    </ClCompile>
    <ClCompile Include="ChDecodeView.cpp">
      <Filter>Source Files</Filter>
    </ClCompile>
    <ClCompile Include="SetISTDlg.cpp">
      <Filter>Source Files</Filter>
    </ClCompile>
    <ClCompile Include="SetEPQDialog.cpp">
      <Filter>Source Files</Filter>
    </ClCompile>
    <ClCompile Include="SetTcqDig.cpp">
      <Filter>Source Files</Filter>
    </ClCompile>
    <ClCompile Include="SetQRQDig.cpp">
      <Filter>Source Files</Filter>
    </ClCompile>
    <ClCompile Include="ShowGgaPosView.cpp">
      <Filter>Source Files</Filter>
    </ClCompile>
    <ClCompile Include="ShowSnrGAView.cpp">
      <Filter>Source Files</Filter>
    </ClCompile>
    <ClCompile Include="ShowSnrGLView.cpp">
      <Filter>Source Files</Filter>
    </ClCompile>
    <ClCompile Include="ShowSnrGPView.cpp">
      <Filter>Source Files</Filter>
    </ClCompile>
    <ClCompile Include="RadarPointView.cpp">
      <Filter>Source Files</Filter>
    </ClCompile>
    <ClCompile Include="BaseView.cpp">
      <Filter>Source Files</Filter>
    </ClCompile>
    <ClCompile Include="BarView.cpp">
      <Filter>Source Files</Filter>
    </ClCompile>
    <ClCompile Include="SendCmdDig.cpp">
      <Filter>Source Files</Filter>
    </ClCompile>
  </ItemGroup>
  <ItemGroup>
    <ClInclude Include="AnimationDlg.h">
      <Filter>Header Files</Filter>
    </ClInclude>
    <ClInclude Include="bcgpsliderbutton.h">
      <Filter>Header Files</Filter>
    </ClInclude>
    <ClInclude Include="CheckDevDlg.h">
      <Filter>Header Files</Filter>
    </ClInclude>
    <ClInclude Include="ChildFrm.h">
      <Filter>Header Files</Filter>
    </ClInclude>
    <ClInclude Include="DrawChartBar.h">
      <Filter>Header Files</Filter>
    </ClInclude>
    <ClInclude Include="DrawLineWnd.h">
      <Filter>Header Files</Filter>
    </ClInclude>
    <ClInclude Include="DrawPosView.h">
      <Filter>Header Files</Filter>
    </ClInclude>
    <ClInclude Include="DrawRanView.h">
      <Filter>Header Files</Filter>
    </ClInclude>
    <ClInclude Include="DrawSkyWnd.h">
      <Filter>Header Files</Filter>
    </ClInclude>
    <ClInclude Include="DrawXpvView.h">
      <Filter>Header Files</Filter>
    </ClInclude>
    <ClInclude Include="hwaStruct.h">
      <Filter>Header Files</Filter>
    </ClInclude>
    <ClInclude Include="HWATest.h">
      <Filter>Header Files</Filter>
    </ClInclude>
    <ClInclude Include="HWATestDoc.h">
      <Filter>Header Files</Filter>
    </ClInclude>
    <ClInclude Include="HWATestView.h">
      <Filter>Header Files</Filter>
    </ClInclude>
    <ClInclude Include="LoginDlg.h">
      <Filter>Header Files</Filter>
    </ClInclude>
    <ClInclude Include="MainFrm.h">
      <Filter>Header Files</Filter>
    </ClInclude>
    <ClInclude Include="OutputBar.h">
      <Filter>Header Files</Filter>
    </ClInclude>
    <ClInclude Include="ProjConfigPage.h">
      <Filter>Header Files</Filter>
    </ClInclude>
    <ClInclude Include="ProjFilesPage.h">
      <Filter>Header Files</Filter>
    </ClInclude>
    <ClInclude Include="ProjLinkPage.h">
      <Filter>Header Files</Filter>
    </ClInclude>
    <ClInclude Include="ProjNewPage.h">
      <Filter>Header Files</Filter>
    </ClInclude>
    <ClInclude Include="ProjOpenPage.h">
      <Filter>Header Files</Filter>
    </ClInclude>
    <ClInclude Include="ProjPropertyPage.h">
      <Filter>Header Files</Filter>
    </ClInclude>
    <ClInclude Include="PublicMsgDefine.h">
      <Filter>Header Files</Filter>
    </ClInclude>
    <ClInclude Include="Resource.h">
      <Filter>Header Files</Filter>
    </ClInclude>
    <ClInclude Include="SetACQDlg.h">
      <Filter>Header Files</Filter>
    </ClInclude>
    <ClInclude Include="SetBDIDlg.h">
      <Filter>Header Files</Filter>
    </ClInclude>
    <ClInclude Include="SetBGTDlg.h">
      <Filter>Header Files</Filter>
    </ClInclude>
    <ClInclude Include="SetCHADlg.h">
      <Filter>Header Files</Filter>
    </ClInclude>
    <ClInclude Include="SetDrawDlg.h">
      <Filter>Header Files</Filter>
    </ClInclude>
    <ClInclude Include="SetEACDlg.h">
      <Filter>Header Files</Filter>
    </ClInclude>
    <ClInclude Include="SetFileDlg.h">
      <Filter>Header Files</Filter>
    </ClInclude>
    <ClInclude Include="SetGSVDlg.h">
      <Filter>Header Files</Filter>
    </ClInclude>
    <ClInclude Include="SetIONDlg.h">
      <Filter>Header Files</Filter>
    </ClInclude>
    <ClInclude Include="SetLimitDlg.h">
      <Filter>Header Files</Filter>
    </ClInclude>
    <ClInclude Include="SetLocalDlg.h">
      <Filter>Header Files</Filter>
    </ClInclude>
    <ClInclude Include="SetLOGDlg.h">
      <Filter>Header Files</Filter>
    </ClInclude>
    <ClInclude Include="SetMODDlg.h">
      <Filter>Header Files</Filter>
    </ClInclude>
    <ClInclude Include="SetModualDlg.h">
      <Filter>Header Files</Filter>
    </ClInclude>
    <ClInclude Include="SetMonitorDlg.h">
      <Filter>Header Files</Filter>
    </ClInclude>
    <ClInclude Include="SetMUTDlg.h">
      <Filter>Header Files</Filter>
    </ClInclude>
    <ClInclude Include="SetPilotDlg.h">
      <Filter>Header Files</Filter>
    </ClInclude>
    <ClInclude Include="SetPortDlg.h">
      <Filter>Header Files</Filter>
    </ClInclude>
    <ClInclude Include="SetPosDlg.h">
      <Filter>Header Files</Filter>
    </ClInclude>
    <ClInclude Include="SetREFDlg.h">
      <Filter>Header Files</Filter>
    </ClInclude>
    <ClInclude Include="SetSATDlg.h">
      <Filter>Header Files</Filter>
    </ClInclude>
    <ClInclude Include="SetStaticDlg.h">
      <Filter>Header Files</Filter>
    </ClInclude>
    <ClInclude Include="SetSTSDlg.h">
      <Filter>Header Files</Filter>
    </ClInclude>
    <ClInclude Include="SetSYSDlg.h">
      <Filter>Header Files</Filter>
    </ClInclude>
    <ClInclude Include="SetTIMDlg.h">
      <Filter>Header Files</Filter>
    </ClInclude>
    <ClInclude Include="SetTimModDlg.h">
      <Filter>Header Files</Filter>
    </ClInclude>
    <ClInclude Include="SetWIDDlg.h">
      <Filter>Header Files</Filter>
    </ClInclude>
    <ClInclude Include="ShowAlmView.h">
      <Filter>Header Files</Filter>
    </ClInclude>
    <ClInclude Include="ShowChaView.h">
      <Filter>Header Files</Filter>
    </ClInclude>
    <ClInclude Include="ShowEphView.h">
      <Filter>Header Files</Filter>
    </ClInclude>
    <ClInclude Include="ShowGbsView.h">
      <Filter>Header Files</Filter>
    </ClInclude>
    <ClInclude Include="ShowIonView.h">
      <Filter>Header Files</Filter>
    </ClInclude>
    <ClInclude Include="ShowJalView.h">
      <Filter>Header Files</Filter>
    </ClInclude>
    <ClInclude Include="ShowPosView.h">
      <Filter>Header Files</Filter>
    </ClInclude>
    <ClInclude Include="ShowRanView.h">
      <Filter>Header Files</Filter>
    </ClInclude>
    <ClInclude Include="ShowSivView.h">
      <Filter>Header Files</Filter>
    </ClInclude>
    <ClInclude Include="ShowSkyView.h">
      <Filter>Header Files</Filter>
    </ClInclude>
    <ClInclude Include="ShowSnrView.h">
      <Filter>Header Files</Filter>
    </ClInclude>
    <ClInclude Include="ShowSrcView.h">
      <Filter>Header Files</Filter>
    </ClInclude>
    <ClInclude Include="ShowTimView.h">
      <Filter>Header Files</Filter>
    </ClInclude>
    <ClInclude Include="ShowVelView.h">
      <Filter>Header Files</Filter>
    </ClInclude>
    <ClInclude Include="ShowXpvView.h">
      <Filter>Header Files</Filter>
    </ClInclude>
    <ClInclude Include="stdafx.h">
      <Filter>Header Files</Filter>
    </ClInclude>
    <ClInclude Include="SystemPane.h">
      <Filter>Header Files</Filter>
    </ClInclude>
    <ClInclude Include="TestDlg.h">
      <Filter>Header Files</Filter>
    </ClInclude>
    <ClInclude Include="WorkSpaceBar.h">
      <Filter>Header Files</Filter>
    </ClInclude>
    <ClInclude Include="DrawTestView.h">
      <Filter>Header Files</Filter>
    </ClInclude>
    <ClInclude Include="SetWORKMODDlg.h">
      <Filter>Header Files</Filter>
    </ClInclude>
    <ClInclude Include="ChDecodeView.h">
      <Filter>Header Files</Filter>
    </ClInclude>
    <ClInclude Include="SetISTDlg.h">
      <Filter>Header Files</Filter>
    </ClInclude>
    <ClInclude Include="C:\Program Files (x86)\Codejock Software\MFC\Xtreme ToolkitPro v15.2.1\Source\Chart\Includes.h">
      <Filter>Header Files</Filter>
    </ClInclude>
    <ClInclude Include="C:\Program Files (x86)\Codejock Software\MFC\Xtreme ToolkitPro v15.2.1\Source\Chart\Resource.h">
      <Filter>Header Files</Filter>
    </ClInclude>
    <ClInclude Include="SetEPQDialog.h">
      <Filter>Header Files</Filter>
    </ClInclude>
    <ClInclude Include="SetTcqDig.h">
      <Filter>Header Files</Filter>
    </ClInclude>
    <ClInclude Include="SetQRQDig.h">
      <Filter>Header Files</Filter>
    </ClInclude>
    <ClInclude Include="ShowGgaPosView.h">
      <Filter>Header Files</Filter>
    </ClInclude>
    <ClInclude Include="ShowSnrGAView.h">
      <Filter>Header Files</Filter>
    </ClInclude>
    <ClInclude Include="ShowSnrGLView.h">
      <Filter>Header Files</Filter>
    </ClInclude>
    <ClInclude Include="ShowSnrGPView.h">
      <Filter>Header Files</Filter>
    </ClInclude>
    <ClInclude Include="RadarPointView.h">
      <Filter>Header Files</Filter>
    </ClInclude>
    <ClInclude Include="BaseView.h">
      <Filter>Header Files</Filter>
    </ClInclude>
    <ClInclude Include="BarView.h">
      <Filter>Header Files</Filter>
    </ClInclude>
    <ClInclude Include="SendCmdDig.h">
      <Filter>Header Files</Filter>
    </ClInclude>
  </ItemGroup>
  <ItemGroup>
    <None Include="images\background.bmp">
      <Filter>Resource Files</Filter>
    </None>
    <None Include="res\background.png">
      <Filter>Resource Files</Filter>
    </None>
    <None Include="res\bitmap1.bmp">
      <Filter>Resource Files</Filter>
    </None>
    <None Include="res\bitmap2.bmp">
      <Filter>Resource Files</Filter>
    </None>
    <None Include="res\bmp00001.bmp">
      <Filter>Resource Files</Filter>
    </None>
    <None Include="res\bmp00002.bmp">
      <Filter>Resource Files</Filter>
    </None>
    <None Include="res\bmp00003.bmp">
      <Filter>Resource Files</Filter>
    </None>
    <None Include="res\bmp00004.bmp">
      <Filter>Resource Files</Filter>
    </None>
    <None Include="res\bmp00005.bmp">
      <Filter>Resource Files</Filter>
    </None>
    <None Include="res\bmp00006.bmp">
      <Filter>Resource Files</Filter>
    </None>
    <None Include="res\bmp00007.bmp">
      <Filter>Resource Files</Filter>
    </None>
    <None Include="res\bmp00008.bmp">
      <Filter>Resource Files</Filter>
    </None>
    <None Include="res\bmp00009.bmp">
      <Filter>Resource Files</Filter>
    </None>
    <None Include="res\bmp00010.bmp">
      <Filter>Resource Files</Filter>
    </None>
    <None Include="res\bmp00011.bmp">
      <Filter>Resource Files</Filter>
    </None>
    <None Include="res\bmp00012.bmp">
      <Filter>Resource Files</Filter>
    </None>
    <None Include="res\bmp00013.bmp">
      <Filter>Resource Files</Filter>
    </None>
    <None Include="res\bmp00014.bmp">
      <Filter>Resource Files</Filter>
    </None>
    <None Include="images\debug.ico">
      <Filter>Resource Files</Filter>
    </None>
    <None Include="res\draw_pos.bmp">
      <Filter>Resource Files</Filter>
    </None>
    <None Include="res\HWA.bmp">
      <Filter>Resource Files</Filter>
    </None>
    <None Include="res\HWATest.ico">
      <Filter>Resource Files</Filter>
    </None>
    <None Include="res\HWATest.rc2">
      <Filter>Resource Files</Filter>
    </None>
    <None Include="res\HWATest.toolbar.rc2">
      <Filter>Resource Files</Filter>
    </None>
    <None Include="res\HWATestDoc.ico">
      <Filter>Resource Files</Filter>
    </None>
    <None Include="images\ico00001.ico">
      <Filter>Resource Files</Filter>
    </None>
    <None Include="images\icon1.ico">
      <Filter>Resource Files</Filter>
    </None>
    <None Include="images\icon2.ico">
      <Filter>Resource Files</Filter>
    </None>
    <None Include="res\logo.ico">
      <Filter>Resource Files</Filter>
    </None>
    <None Include="res\png2.png">
      <Filter>Resource Files</Filter>
    </None>
    <None Include="res\pos_tool.bmp">
      <Filter>Resource Files</Filter>
    </None>
    <None Include="res\ran_tool.bmp">
      <Filter>Resource Files</Filter>
    </None>
    <None Include="images\select.ico">
      <Filter>Resource Files</Filter>
    </None>
    <None Include="images\test.ico">
      <Filter>Resource Files</Filter>
    </None>
    <None Include="res\texture1.png">
      <Filter>Resource Files</Filter>
    </None>
    <None Include="res\Toolbar.bmp">
      <Filter>Resource Files</Filter>
    </None>
    <None Include="res\toolbar1.bmp">
      <Filter>Resource Files</Filter>
    </None>
    <None Include="res\toolbar2.bmp">
      <Filter>Resource Files</Filter>
    </None>
    <None Include="res\Toolbar256.bmp">
      <Filter>Resource Files</Filter>
    </None>
    <None Include="images\unselect.ico">
      <Filter>Resource Files</Filter>
    </None>
    <None Include="images\user.ico">
      <Filter>Resource Files</Filter>
    </None>
    <None Include="res\userbar.bmp">
      <Filter>Resource Files</Filter>
    </None>
    <None Include="UserImages.bmp">
      <Filter>Resource Files</Filter>
    </None>
    <None Include="res\Workspace.bmp">
      <Filter>Resource Files</Filter>
    </None>
    <None Include="ReadMe.txt" />
    <None Include="res\siv_tool.bmp">
      <Filter>Resource Files</Filter>
    </None>
    <None Include="res\alm_tool.bmp">
      <Filter>Resource Files</Filter>
    </None>
    <None Include="res\chd_tool.bmp">
      <Filter>Resource Files</Filter>
    </None>
  </ItemGroup>
  <ItemGroup>
    <ResourceCompile Include="HWATest.rc">
      <Filter>Resource Files</Filter>
    </ResourceCompile>
  </ItemGroup>
</Project>