
Microsoft Visual Studio Solution File, Format Version 10.00
# Visual Studio 2008
Project("{8BC9CEB8-8B4A-11D0-8D11-00A0C91BC942}") = "WinCalPos", "WinCalPos\WinCalPos.vcproj", "{E3D360B1-9E7E-4C1F-A639-B7C6B77E6BAD}"
EndProject
Global
	GlobalSection(SolutionConfigurationPlatforms) = preSolution
		Debug|Win32 = Debug|Win32
		Release|Win32 = Release|Win32
	EndGlobalSection
	GlobalSection(ProjectConfigurationPlatforms) = postSolution
		{E3D360B1-9E7E-4C1F-A639-B7C6B77E6BAD}.Debug|Win32.ActiveCfg = Debug|Win32
		{E3D360B1-9E7E-4C1F-A639-B7C6B77E6BAD}.Debug|Win32.Build.0 = Debug|Win32
		{E3D360B1-9E7E-4C1F-A639-B7C6B77E6BAD}.Release|Win32.ActiveCfg = Release|Win32
		{E3D360B1-9E7E-4C1F-A639-B7C6B77E6BAD}.Release|Win32.Build.0 = Release|Win32
	EndGlobalSection
	GlobalSection(SolutionProperties) = preSolution
		HideSolutionNode = FALSE
	EndGlobalSection
EndGlobal
