
Microsoft Visual Studio Solution File, Format Version 11.00
# Visual Studio 2010
Project("{8BC9CEB8-8B4A-11D0-8D11-00A0C91BC942}") = "HWATest", "HWATest\HWATest.vcxproj", "{C1E82652-7D3D-45BC-8D17-0BBEA4E8116B}"
	ProjectSection(ProjectDependencies) = postProject
		{D9EE240A-F348-48F7-9B0F-BCB78F09E984} = {D9EE240A-F348-48F7-9B0F-BCB78F09E984}
		{BD645A16-6847-449C-8CC2-58BF7EFBA168} = {BD645A16-6847-449C-8CC2-58BF7EFBA168}
		{D976871E-7360-483F-8B58-7558F25AB8B8} = {D976871E-7360-483F-8B58-7558F25AB8B8}
		{4FFD3126-8AE0-436C-9EBF-1881418ED0F1} = {4FFD3126-8AE0-436C-9EBF-1881418ED0F1}
		{1FE3A058-DF34-428E-A07A-6016ECAFCC3A} = {1FE3A058-DF34-428E-A07A-6016ECAFCC3A}
		{2034FB5B-E1CF-4C55-826E-076C0638D5AE} = {2034FB5B-E1CF-4C55-826E-076C0638D5AE}
		{2B417C6B-D733-4778-9318-152B24DE55A1} = {2B417C6B-D733-4778-9318-152B24DE55A1}
		{67FC5882-EA6C-4A14-9086-C09A0317D482} = {67FC5882-EA6C-4A14-9086-C09A0317D482}
		{8B9CB882-0AA5-48C5-8A0D-E3D74F8EC419} = {8B9CB882-0AA5-48C5-8A0D-E3D74F8EC419}
		{278140A7-53CD-4721-8EFD-05FAC3C14ABE} = {278140A7-53CD-4721-8EFD-05FAC3C14ABE}
		{E3D360B1-9E7E-4C1F-A639-B7C6B77E6BAD} = {E3D360B1-9E7E-4C1F-A639-B7C6B77E6BAD}
		{E19D78CF-E905-4FBC-8CCE-1B8AEFDF286D} = {E19D78CF-E905-4FBC-8CCE-1B8AEFDF286D}
		{9645DFDC-607D-4568-909D-7FCB329BF151} = {9645DFDC-607D-4568-909D-7FCB329BF151}
		{EC558AF8-79F6-4E52-8083-AE5F5C8322EB} = {EC558AF8-79F6-4E52-8083-AE5F5C8322EB}
	EndProjectSection
EndProject
Project("{8BC9CEB8-8B4A-11D0-8D11-00A0C91BC942}") = "WinCom", "WinCom\WinCom\WinCom.vcxproj", "{E19D78CF-E905-4FBC-8CCE-1B8AEFDF286D}"
EndProject
Project("{8BC9CEB8-8B4A-11D0-8D11-00A0C91BC942}") = "WinConfig", "WinConfig\WinConfig\WinConfig.vcxproj", "{67FC5882-EA6C-4A14-9086-C09A0317D482}"
	ProjectSection(ProjectDependencies) = postProject
		{278140A7-53CD-4721-8EFD-05FAC3C14ABE} = {278140A7-53CD-4721-8EFD-05FAC3C14ABE}
	EndProjectSection
EndProject
Project("{8BC9CEB8-8B4A-11D0-8D11-00A0C91BC942}") = "WinDataBase", "WinDataBase\WinDataBase\WinDataBase.vcxproj", "{4FFD3126-8AE0-436C-9EBF-1881418ED0F1}"
EndProject
Project("{8BC9CEB8-8B4A-11D0-8D11-00A0C91BC942}") = "WinDefine", "WinDefine\WinDefine\WinDefine.vcxproj", "{278140A7-53CD-4721-8EFD-05FAC3C14ABE}"
EndProject
Project("{8BC9CEB8-8B4A-11D0-8D11-00A0C91BC942}") = "WinLink", "WinLink\WinLink\WinLink.vcxproj", "{EC558AF8-79F6-4E52-8083-AE5F5C8322EB}"
	ProjectSection(ProjectDependencies) = postProject
		{BD645A16-6847-449C-8CC2-58BF7EFBA168} = {BD645A16-6847-449C-8CC2-58BF7EFBA168}
		{D976871E-7360-483F-8B58-7558F25AB8B8} = {D976871E-7360-483F-8B58-7558F25AB8B8}
		{1FE3A058-DF34-428E-A07A-6016ECAFCC3A} = {1FE3A058-DF34-428E-A07A-6016ECAFCC3A}
		{2B417C6B-D733-4778-9318-152B24DE55A1} = {2B417C6B-D733-4778-9318-152B24DE55A1}
		{278140A7-53CD-4721-8EFD-05FAC3C14ABE} = {278140A7-53CD-4721-8EFD-05FAC3C14ABE}
		{E19D78CF-E905-4FBC-8CCE-1B8AEFDF286D} = {E19D78CF-E905-4FBC-8CCE-1B8AEFDF286D}
	EndProjectSection
EndProject
Project("{8BC9CEB8-8B4A-11D0-8D11-00A0C91BC942}") = "WinListener", "WinListener\WinListener\WinListener.vcxproj", "{D976871E-7360-483F-8B58-7558F25AB8B8}"
	ProjectSection(ProjectDependencies) = postProject
		{1FE3A058-DF34-428E-A07A-6016ECAFCC3A} = {1FE3A058-DF34-428E-A07A-6016ECAFCC3A}
	EndProjectSection
EndProject
Project("{8BC9CEB8-8B4A-11D0-8D11-00A0C91BC942}") = "WinNet", "WinNet\WinNet\WinNet.vcxproj", "{2B417C6B-D733-4778-9318-152B24DE55A1}"
EndProject
Project("{8BC9CEB8-8B4A-11D0-8D11-00A0C91BC942}") = "WinPlayer", "WinPlayer\WinPlayer\WinPlayer.vcxproj", "{2034FB5B-E1CF-4C55-826E-076C0638D5AE}"
	ProjectSection(ProjectDependencies) = postProject
		{BD645A16-6847-449C-8CC2-58BF7EFBA168} = {BD645A16-6847-449C-8CC2-58BF7EFBA168}
		{D976871E-7360-483F-8B58-7558F25AB8B8} = {D976871E-7360-483F-8B58-7558F25AB8B8}
		{1FE3A058-DF34-428E-A07A-6016ECAFCC3A} = {1FE3A058-DF34-428E-A07A-6016ECAFCC3A}
		{278140A7-53CD-4721-8EFD-05FAC3C14ABE} = {278140A7-53CD-4721-8EFD-05FAC3C14ABE}
	EndProjectSection
EndProject
Project("{8BC9CEB8-8B4A-11D0-8D11-00A0C91BC942}") = "WinProtocol", "WinProtocol\WinProtocol\WinProtocol.vcxproj", "{BD645A16-6847-449C-8CC2-58BF7EFBA168}"
	ProjectSection(ProjectDependencies) = postProject
		{D976871E-7360-483F-8B58-7558F25AB8B8} = {D976871E-7360-483F-8B58-7558F25AB8B8}
		{1FE3A058-DF34-428E-A07A-6016ECAFCC3A} = {1FE3A058-DF34-428E-A07A-6016ECAFCC3A}
		{278140A7-53CD-4721-8EFD-05FAC3C14ABE} = {278140A7-53CD-4721-8EFD-05FAC3C14ABE}
	EndProjectSection
EndProject
Project("{8BC9CEB8-8B4A-11D0-8D11-00A0C91BC942}") = "WinStore", "WinStore\WinStore\WinStore.vcxproj", "{8B9CB882-0AA5-48C5-8A0D-E3D74F8EC419}"
EndProject
Project("{8BC9CEB8-8B4A-11D0-8D11-00A0C91BC942}") = "WinTools", "WinTools\WinTools\WinTools.vcxproj", "{1FE3A058-DF34-428E-A07A-6016ECAFCC3A}"
	ProjectSection(ProjectDependencies) = postProject
		{278140A7-53CD-4721-8EFD-05FAC3C14ABE} = {278140A7-53CD-4721-8EFD-05FAC3C14ABE}
	EndProjectSection
EndProject
Project("{8BC9CEB8-8B4A-11D0-8D11-00A0C91BC942}") = "WinPrint", "WinPrint\WinPrint\WinPrint.vcxproj", "{9645DFDC-607D-4568-909D-7FCB329BF151}"
	ProjectSection(ProjectDependencies) = postProject
		{D976871E-7360-483F-8B58-7558F25AB8B8} = {D976871E-7360-483F-8B58-7558F25AB8B8}
		{1FE3A058-DF34-428E-A07A-6016ECAFCC3A} = {1FE3A058-DF34-428E-A07A-6016ECAFCC3A}
		{278140A7-53CD-4721-8EFD-05FAC3C14ABE} = {278140A7-53CD-4721-8EFD-05FAC3C14ABE}
		{E3D360B1-9E7E-4C1F-A639-B7C6B77E6BAD} = {E3D360B1-9E7E-4C1F-A639-B7C6B77E6BAD}
	EndProjectSection
EndProject
Project("{8BC9CEB8-8B4A-11D0-8D11-00A0C91BC942}") = "WinCalPos", "WinCalPos\WinCalPos\WinCalPos.vcxproj", "{E3D360B1-9E7E-4C1F-A639-B7C6B77E6BAD}"
	ProjectSection(ProjectDependencies) = postProject
		{D976871E-7360-483F-8B58-7558F25AB8B8} = {D976871E-7360-483F-8B58-7558F25AB8B8}
		{1FE3A058-DF34-428E-A07A-6016ECAFCC3A} = {1FE3A058-DF34-428E-A07A-6016ECAFCC3A}
		{278140A7-53CD-4721-8EFD-05FAC3C14ABE} = {278140A7-53CD-4721-8EFD-05FAC3C14ABE}
	EndProjectSection
EndProject
Project("{8BC9CEB8-8B4A-11D0-8D11-00A0C91BC942}") = "WinPlot", "WinPlot\WinPlot\WinPlot.vcxproj", "{D9EE240A-F348-48F7-9B0F-BCB78F09E984}"
EndProject
Project("{54435603-DBB4-11D2-8724-00A0C9A8B90C}") = "Setup", "Setup\Setup\Setup.vdproj", "{77392D72-2013-4FB1-BC43-E68D6929EA38}"
EndProject
Global
	GlobalSection(SolutionConfigurationPlatforms) = preSolution
		Debug|Win32 = Debug|Win32
		Release|Win32 = Release|Win32
		Description = 北斗多频试验验证终端测试系统V2.0.3.12
	EndGlobalSection
	GlobalSection(ProjectConfigurationPlatforms) = postSolution
		{C1E82652-7D3D-45BC-8D17-0BBEA4E8116B}.Debug|Win32.ActiveCfg = Debug|Win32
		{C1E82652-7D3D-45BC-8D17-0BBEA4E8116B}.Debug|Win32.Build.0 = Debug|Win32
		{C1E82652-7D3D-45BC-8D17-0BBEA4E8116B}.Release|Win32.ActiveCfg = Release|Win32
		{C1E82652-7D3D-45BC-8D17-0BBEA4E8116B}.Release|Win32.Build.0 = Release|Win32
		{E19D78CF-E905-4FBC-8CCE-1B8AEFDF286D}.Debug|Win32.ActiveCfg = Debug|Win32
		{E19D78CF-E905-4FBC-8CCE-1B8AEFDF286D}.Debug|Win32.Build.0 = Debug|Win32
		{E19D78CF-E905-4FBC-8CCE-1B8AEFDF286D}.Release|Win32.ActiveCfg = Release|Win32
		{E19D78CF-E905-4FBC-8CCE-1B8AEFDF286D}.Release|Win32.Build.0 = Release|Win32
		{67FC5882-EA6C-4A14-9086-C09A0317D482}.Debug|Win32.ActiveCfg = Debug|Win32
		{67FC5882-EA6C-4A14-9086-C09A0317D482}.Debug|Win32.Build.0 = Debug|Win32
		{67FC5882-EA6C-4A14-9086-C09A0317D482}.Release|Win32.ActiveCfg = Release|Win32
		{67FC5882-EA6C-4A14-9086-C09A0317D482}.Release|Win32.Build.0 = Release|Win32
		{4FFD3126-8AE0-436C-9EBF-1881418ED0F1}.Debug|Win32.ActiveCfg = Debug|Win32
		{4FFD3126-8AE0-436C-9EBF-1881418ED0F1}.Debug|Win32.Build.0 = Debug|Win32
		{4FFD3126-8AE0-436C-9EBF-1881418ED0F1}.Release|Win32.ActiveCfg = Release|Win32
		{4FFD3126-8AE0-436C-9EBF-1881418ED0F1}.Release|Win32.Build.0 = Release|Win32
		{278140A7-53CD-4721-8EFD-05FAC3C14ABE}.Debug|Win32.ActiveCfg = Debug|Win32
		{278140A7-53CD-4721-8EFD-05FAC3C14ABE}.Debug|Win32.Build.0 = Debug|Win32
		{278140A7-53CD-4721-8EFD-05FAC3C14ABE}.Release|Win32.ActiveCfg = Release|Win32
		{278140A7-53CD-4721-8EFD-05FAC3C14ABE}.Release|Win32.Build.0 = Release|Win32
		{EC558AF8-79F6-4E52-8083-AE5F5C8322EB}.Debug|Win32.ActiveCfg = Debug|Win32
		{EC558AF8-79F6-4E52-8083-AE5F5C8322EB}.Debug|Win32.Build.0 = Debug|Win32
		{EC558AF8-79F6-4E52-8083-AE5F5C8322EB}.Release|Win32.ActiveCfg = Release|Win32
		{EC558AF8-79F6-4E52-8083-AE5F5C8322EB}.Release|Win32.Build.0 = Release|Win32
		{D976871E-7360-483F-8B58-7558F25AB8B8}.Debug|Win32.ActiveCfg = Debug|Win32
		{D976871E-7360-483F-8B58-7558F25AB8B8}.Debug|Win32.Build.0 = Debug|Win32
		{D976871E-7360-483F-8B58-7558F25AB8B8}.Release|Win32.ActiveCfg = Release|Win32
		{D976871E-7360-483F-8B58-7558F25AB8B8}.Release|Win32.Build.0 = Release|Win32
		{2B417C6B-D733-4778-9318-152B24DE55A1}.Debug|Win32.ActiveCfg = Debug|Win32
		{2B417C6B-D733-4778-9318-152B24DE55A1}.Debug|Win32.Build.0 = Debug|Win32
		{2B417C6B-D733-4778-9318-152B24DE55A1}.Release|Win32.ActiveCfg = Release|Win32
		{2B417C6B-D733-4778-9318-152B24DE55A1}.Release|Win32.Build.0 = Release|Win32
		{2034FB5B-E1CF-4C55-826E-076C0638D5AE}.Debug|Win32.ActiveCfg = Debug|Win32
		{2034FB5B-E1CF-4C55-826E-076C0638D5AE}.Debug|Win32.Build.0 = Debug|Win32
		{2034FB5B-E1CF-4C55-826E-076C0638D5AE}.Release|Win32.ActiveCfg = Release|Win32
		{2034FB5B-E1CF-4C55-826E-076C0638D5AE}.Release|Win32.Build.0 = Release|Win32
		{BD645A16-6847-449C-8CC2-58BF7EFBA168}.Debug|Win32.ActiveCfg = Debug|Win32
		{BD645A16-6847-449C-8CC2-58BF7EFBA168}.Debug|Win32.Build.0 = Debug|Win32
		{BD645A16-6847-449C-8CC2-58BF7EFBA168}.Release|Win32.ActiveCfg = Release|Win32
		{BD645A16-6847-449C-8CC2-58BF7EFBA168}.Release|Win32.Build.0 = Release|Win32
		{8B9CB882-0AA5-48C5-8A0D-E3D74F8EC419}.Debug|Win32.ActiveCfg = Debug|Win32
		{8B9CB882-0AA5-48C5-8A0D-E3D74F8EC419}.Debug|Win32.Build.0 = Debug|Win32
		{8B9CB882-0AA5-48C5-8A0D-E3D74F8EC419}.Release|Win32.ActiveCfg = Release|Win32
		{8B9CB882-0AA5-48C5-8A0D-E3D74F8EC419}.Release|Win32.Build.0 = Release|Win32
		{1FE3A058-DF34-428E-A07A-6016ECAFCC3A}.Debug|Win32.ActiveCfg = Debug|Win32
		{1FE3A058-DF34-428E-A07A-6016ECAFCC3A}.Debug|Win32.Build.0 = Debug|Win32
		{1FE3A058-DF34-428E-A07A-6016ECAFCC3A}.Release|Win32.ActiveCfg = Release|Win32
		{1FE3A058-DF34-428E-A07A-6016ECAFCC3A}.Release|Win32.Build.0 = Release|Win32
		{9645DFDC-607D-4568-909D-7FCB329BF151}.Debug|Win32.ActiveCfg = Debug|Win32
		{9645DFDC-607D-4568-909D-7FCB329BF151}.Debug|Win32.Build.0 = Debug|Win32
		{9645DFDC-607D-4568-909D-7FCB329BF151}.Release|Win32.ActiveCfg = Release|Win32
		{9645DFDC-607D-4568-909D-7FCB329BF151}.Release|Win32.Build.0 = Release|Win32
		{E3D360B1-9E7E-4C1F-A639-B7C6B77E6BAD}.Debug|Win32.ActiveCfg = Debug|Win32
		{E3D360B1-9E7E-4C1F-A639-B7C6B77E6BAD}.Debug|Win32.Build.0 = Debug|Win32
		{E3D360B1-9E7E-4C1F-A639-B7C6B77E6BAD}.Release|Win32.ActiveCfg = Release|Win32
		{E3D360B1-9E7E-4C1F-A639-B7C6B77E6BAD}.Release|Win32.Build.0 = Release|Win32
		{D9EE240A-F348-48F7-9B0F-BCB78F09E984}.Debug|Win32.ActiveCfg = Debug|Win32
		{D9EE240A-F348-48F7-9B0F-BCB78F09E984}.Debug|Win32.Build.0 = Debug|Win32
		{D9EE240A-F348-48F7-9B0F-BCB78F09E984}.Release|Win32.ActiveCfg = Release|Win32
		{D9EE240A-F348-48F7-9B0F-BCB78F09E984}.Release|Win32.Build.0 = Release|Win32
		{77392D72-2013-4FB1-BC43-E68D6929EA38}.Debug|Win32.ActiveCfg = Debug
		{77392D72-2013-4FB1-BC43-E68D6929EA38}.Debug|Win32.Build.0 = Debug
		{77392D72-2013-4FB1-BC43-E68D6929EA38}.Release|Win32.ActiveCfg = Release
		{77392D72-2013-4FB1-BC43-E68D6929EA38}.Release|Win32.Build.0 = Release
	EndGlobalSection
	GlobalSection(SolutionProperties) = preSolution
		HideSolutionNode = FALSE
	EndGlobalSection
EndGlobal
